
Microsoft Visual Studio Solution File, Format Version 12.00
# Visual Studio Version 16
VisualStudioVersion = 16.0.31911.196
MinimumVisualStudioVersion = 10.0.40219.1
Project("{FAE04EC0-301F-11D3-BF4B-00C04F79EFBC}") = "StringsAndIntegers", "StringsAndIntegers\StringsAndIntegers.csproj", "{72DA5478-3128-4652-9686-758FB7C3A48C}"
EndProject
Global
	GlobalSection(SolutionConfigurationPlatforms) = preSolution
		Debug|Any CPU = Debug|Any CPU
		Release|Any CPU = Release|Any CPU
	EndGlobalSection
	GlobalSection(ProjectConfigurationPlatforms) = postSolution
		{72DA5478-3128-4652-9686-758FB7C3A48C}.Debug|Any CPU.ActiveCfg = Debug|Any CPU
		{72DA5478-3128-4652-9686-758FB7C3A48C}.Debug|Any CPU.Build.0 = Debug|Any CPU
		{72DA5478-3128-4652-9686-758FB7C3A48C}.Release|Any CPU.ActiveCfg = Release|Any CPU
		{72DA5478-3128-4652-9686-758FB7C3A48C}.Release|Any CPU.Build.0 = Release|Any CPU
	EndGlobalSection
	GlobalSection(SolutionProperties) = preSolution
		HideSolutionNode = FALSE
	EndGlobalSection
	GlobalSection(ExtensibilityGlobals) = postSolution
		SolutionGuid = {03FD19EA-1F43-4484-87BE-AA624B146C5E}
	EndGlobalSection
EndGlobal
