
Microsoft Visual Studio Solution File, Format Version 12.00
# Visual Studio Version 16
VisualStudioVersion = 16.0.31702.278
MinimumVisualStudioVersion = 10.0.40219.1
Project("{FAE04EC0-301F-11D3-BF4B-00C04F79EFBC}") = "AnonymousIncome.cs", "AnonymousIncome.cs\AnonymousIncome.cs.csproj", "{D8362E71-699C-440B-A834-2B983EC82AE3}"
EndProject
Global
	GlobalSection(SolutionConfigurationPlatforms) = preSolution
		Debug|Any CPU = Debug|Any CPU
		Release|Any CPU = Release|Any CPU
	EndGlobalSection
	GlobalSection(ProjectConfigurationPlatforms) = postSolution
		{D8362E71-699C-440B-A834-2B983EC82AE3}.Debug|Any CPU.ActiveCfg = Debug|Any CPU
		{D8362E71-699C-440B-A834-2B983EC82AE3}.Debug|Any CPU.Build.0 = Debug|Any CPU
		{D8362E71-699C-440B-A834-2B983EC82AE3}.Release|Any CPU.ActiveCfg = Release|Any CPU
		{D8362E71-699C-440B-A834-2B983EC82AE3}.Release|Any CPU.Build.0 = Release|Any CPU
	EndGlobalSection
	GlobalSection(SolutionProperties) = preSolution
		HideSolutionNode = FALSE
	EndGlobalSection
	GlobalSection(ExtensibilityGlobals) = postSolution
		SolutionGuid = {63B09B99-D92E-46BB-ACE1-671DD2975679}
	EndGlobalSection
EndGlobal
