
Microsoft Visual Studio Solution File, Format Version 12.00
# Visual Studio Version 16
VisualStudioVersion = 16.0.31702.278
MinimumVisualStudioVersion = 10.0.40219.1
Project("{FAE04EC0-301F-11D3-BF4B-00C04F79EFBC}") = "testest.cs", "testest.cs\testest.cs.csproj", "{2932DF35-47EC-422F-B148-6DF69451D5C6}"
EndProject
Global
	GlobalSection(SolutionConfigurationPlatforms) = preSolution
		Debug|Any CPU = Debug|Any CPU
		Release|Any CPU = Release|Any CPU
	EndGlobalSection
	GlobalSection(ProjectConfigurationPlatforms) = postSolution
		{2932DF35-47EC-422F-B148-6DF69451D5C6}.Debug|Any CPU.ActiveCfg = Debug|Any CPU
		{2932DF35-47EC-422F-B148-6DF69451D5C6}.Debug|Any CPU.Build.0 = Debug|Any CPU
		{2932DF35-47EC-422F-B148-6DF69451D5C6}.Release|Any CPU.ActiveCfg = Release|Any CPU
		{2932DF35-47EC-422F-B148-6DF69451D5C6}.Release|Any CPU.Build.0 = Release|Any CPU
	EndGlobalSection
	GlobalSection(SolutionProperties) = preSolution
		HideSolutionNode = FALSE
	EndGlobalSection
	GlobalSection(ExtensibilityGlobals) = postSolution
		SolutionGuid = {6E902DA3-E6D6-4AAF-BD42-20314109073F}
	EndGlobalSection
EndGlobal
