
Microsoft Visual Studio Solution File, Format Version 12.00
# Visual Studio Version 16
VisualStudioVersion = 16.0.31702.278
MinimumVisualStudioVersion = 10.0.40219.1
Project("{FAE04EC0-301F-11D3-BF4B-00C04F79EFBC}") = "boolean.cs", "boolean.cs\boolean.cs.csproj", "{00FA1853-6D9E-4261-B640-9050E68CCC79}"
EndProject
Global
	GlobalSection(SolutionConfigurationPlatforms) = preSolution
		Debug|Any CPU = Debug|Any CPU
		Release|Any CPU = Release|Any CPU
	EndGlobalSection
	GlobalSection(ProjectConfigurationPlatforms) = postSolution
		{00FA1853-6D9E-4261-B640-9050E68CCC79}.Debug|Any CPU.ActiveCfg = Debug|Any CPU
		{00FA1853-6D9E-4261-B640-9050E68CCC79}.Debug|Any CPU.Build.0 = Debug|Any CPU
		{00FA1853-6D9E-4261-B640-9050E68CCC79}.Release|Any CPU.ActiveCfg = Release|Any CPU
		{00FA1853-6D9E-4261-B640-9050E68CCC79}.Release|Any CPU.Build.0 = Release|Any CPU
	EndGlobalSection
	GlobalSection(SolutionProperties) = preSolution
		HideSolutionNode = FALSE
	EndGlobalSection
	GlobalSection(ExtensibilityGlobals) = postSolution
		SolutionGuid = {FACCAD12-62FF-49DB-94E2-1D24D587497F}
	EndGlobalSection
EndGlobal
