
Microsoft Visual Studio Solution File, Format Version 12.00
# Visual Studio Version 16
VisualStudioVersion = 16.0.31911.196
MinimumVisualStudioVersion = 10.0.40219.1
Project("{FAE04EC0-301F-11D3-BF4B-00C04F79EFBC}") = "MethodAssignmentOptional", "MethodAssignmentOptional\MethodAssignmentOptional.csproj", "{C6819F09-9A28-4F55-9477-C5634C3FAC0B}"
EndProject
Global
	GlobalSection(SolutionConfigurationPlatforms) = preSolution
		Debug|Any CPU = Debug|Any CPU
		Release|Any CPU = Release|Any CPU
	EndGlobalSection
	GlobalSection(ProjectConfigurationPlatforms) = postSolution
		{C6819F09-9A28-4F55-9477-C5634C3FAC0B}.Debug|Any CPU.ActiveCfg = Debug|Any CPU
		{C6819F09-9A28-4F55-9477-C5634C3FAC0B}.Debug|Any CPU.Build.0 = Debug|Any CPU
		{C6819F09-9A28-4F55-9477-C5634C3FAC0B}.Release|Any CPU.ActiveCfg = Release|Any CPU
		{C6819F09-9A28-4F55-9477-C5634C3FAC0B}.Release|Any CPU.Build.0 = Release|Any CPU
	EndGlobalSection
	GlobalSection(SolutionProperties) = preSolution
		HideSolutionNode = FALSE
	EndGlobalSection
	GlobalSection(ExtensibilityGlobals) = postSolution
		SolutionGuid = {C599D238-DCEB-4705-9D18-A3407358D364}
	EndGlobalSection
EndGlobal
