
Microsoft Visual Studio Solution File, Format Version 12.00
# Visual Studio Version 16
VisualStudioVersion = 16.0.31702.278
MinimumVisualStudioVersion = 10.0.40219.1
Project("{FAE04EC0-301F-11D3-BF4B-00C04F79EFBC}") = "VariablesAndDataTypes.cs", "VariablesAndDataTypes.cs\VariablesAndDataTypes.cs.csproj", "{84785FA0-DFD5-4DCF-9B17-5BC98FB5BB7D}"
EndProject
Global
	GlobalSection(SolutionConfigurationPlatforms) = preSolution
		Debug|Any CPU = Debug|Any CPU
		Release|Any CPU = Release|Any CPU
	EndGlobalSection
	GlobalSection(ProjectConfigurationPlatforms) = postSolution
		{84785FA0-DFD5-4DCF-9B17-5BC98FB5BB7D}.Debug|Any CPU.ActiveCfg = Debug|Any CPU
		{84785FA0-DFD5-4DCF-9B17-5BC98FB5BB7D}.Debug|Any CPU.Build.0 = Debug|Any CPU
		{84785FA0-DFD5-4DCF-9B17-5BC98FB5BB7D}.Release|Any CPU.ActiveCfg = Release|Any CPU
		{84785FA0-DFD5-4DCF-9B17-5BC98FB5BB7D}.Release|Any CPU.Build.0 = Release|Any CPU
	EndGlobalSection
	GlobalSection(SolutionProperties) = preSolution
		HideSolutionNode = FALSE
	EndGlobalSection
	GlobalSection(ExtensibilityGlobals) = postSolution
		SolutionGuid = {46DECCA9-0BFA-4B6F-9598-3955157DC1F4}
	EndGlobalSection
EndGlobal
